2e32b6fa45eee4c709fe9826:0995ac0e64cd3819449219bd79883b5d:61649fe8f324b8a7c8ebedc5ed175c624f88404af41a156d93c8f125e9a8767ff2e3f482b9ec5ea832c494dd8002cf7681739b85ef55d52c7499f5a934f13611f378a5e8282bc88b617edbf97857721c46652dbf8b204fb30d794a07fadeb627ff9509b0cc0405632fb2295a8f93016d689f141012124f6c6ffe5eca730cc057a21e2d8633109a79666eb2e2ba2aa1d320e9f0fa47df5ed5ff750e9890bb8380c8b9462eb1357c0c24f637a16143bbd2fe362252289d9fbff57eeaa2432556b599bf8e1c4a509d434c7a28520ab9f831b325fcef008b